// !$*UTF8*$!
{
	archiveVersion = 1;
	classes = {
	};
	objectVersion = 50;
	objects = {

/* Begin PBXBuildFile section */
		CA533FDF213367AE0066260F /* AppDelegate.swift in Sources */ = {isa = PBXBuildFile; fileRef = CA533FDE213367AE0066260F /* AppDelegate.swift */; };
		CA533FE1213367AE0066260F /* art.scnassets in Resources */ = {isa = PBXBuildFile; fileRef = CA533FE0213367AE0066260F /* art.scnassets */; };
		CA533FE8213367B00066260F /* Assets.xcassets in Resources */ = {isa = PBXBuildFile; fileRef = CA533FE7213367B00066260F /* Assets.xcassets */; };
		CA533FEB213367B00066260F /* LaunchScreen.storyboard in Resources */ = {isa = PBXBuildFile; fileRef = CA533FE9213367B00066260F /* LaunchScreen.storyboard */; };
		CA533FF3213368630066260F /* HorizonController.swift in Sources */ = {isa = PBXBuildFile; fileRef = CA533FF2213368630066260F /* HorizonController.swift */; };
		CA533FF52133690F0066260F /* UIColor+Extensions.swift in Sources */ = {isa = PBXBuildFile; fileRef = CA533FF42133690F0066260F /* UIColor+Extensions.swift */; };
		CA533FF8213369310066260F /* Mapbox.framework in Frameworks */ = {isa = PBXBuildFile; fileRef = CA533FF7213369310066260F /* Mapbox.framework */; };
		CA533FFA213369340066260F /* MapboxMobileEvents.framework in Frameworks */ = {isa = PBXBuildFile; fileRef = CA533FF9213369340066260F /* MapboxMobileEvents.framework */; };
		CA533FFE213369D30066260F /* MapboxSceneKit.framework in Frameworks */ = {isa = PBXBuildFile; fileRef = CA533FFD213369D30066260F /* MapboxSceneKit.framework */; };
		CA53400121336B980066260F /* Utils.swift in Sources */ = {isa = PBXBuildFile; fileRef = CA53400021336B980066260F /* Utils.swift */; };
/* End PBXBuildFile section */

/* Begin PBXFileReference section */
		CA533FDB213367AE0066260F /* Worldscale.app */ = {isa = PBXFileReference; explicitFileType = wrapper.application; includeInIndex = 0; path = Worldscale.app; sourceTree = BUILT_PRODUCTS_DIR; };
		CA533FDE213367AE0066260F /* AppDelegate.swift */ = {isa = PBXFileReference; lastKnownFileType = sourcecode.swift; path = AppDelegate.swift; sourceTree = "<group>"; };
		CA533FE0213367AE0066260F /* art.scnassets */ = {isa = PBXFileReference; lastKnownFileType = wrapper.scnassets; path = art.scnassets; sourceTree = "<group>"; };
		CA533FE7213367B00066260F /* Assets.xcassets */ = {isa = PBXFileReference; lastKnownFileType = folder.assetcatalog; path = Assets.xcassets; sourceTree = "<group>"; };
		CA533FEA213367B00066260F /* Base */ = {isa = PBXFileReference; lastKnownFileType = file.storyboard; name = Base; path = Base.lproj/LaunchScreen.storyboard; sourceTree = "<group>"; };
		CA533FEC213367B00066260F /* Info.plist */ = {isa = PBXFileReference; lastKnownFileType = text.plist.xml; path = Info.plist; sourceTree = "<group>"; };
		CA533FF2213368630066260F /* HorizonController.swift */ = {isa = PBXFileReference; lastKnownFileType = sourcecode.swift; path = HorizonController.swift; sourceTree = "<group>"; };
		CA533FF42133690F0066260F /* UIColor+Extensions.swift */ = {isa = PBXFileReference; lastKnownFileType = sourcecode.swift; path = "UIColor+Extensions.swift"; sourceTree = "<group>"; };
		CA533FF7213369310066260F /* Mapbox.framework */ = {isa = PBXFileReference; lastKnownFileType = wrapper.framework; name = Mapbox.framework; path = Carthage/Build/iOS/Mapbox.framework; sourceTree = "<group>"; };
		CA533FF9213369340066260F /* MapboxMobileEvents.framework */ = {isa = PBXFileReference; lastKnownFileType = wrapper.framework; name = MapboxMobileEvents.framework; path = Carthage/Build/iOS/MapboxMobileEvents.framework; sourceTree = "<group>"; };
		CA533FFB2133693A0066260F /* SwiftTweaks.framework */ = {isa = PBXFileReference; lastKnownFileType = wrapper.framework; name = SwiftTweaks.framework; path = Carthage/Build/iOS/SwiftTweaks.framework; sourceTree = "<group>"; };
		CA533FFD213369D30066260F /* MapboxSceneKit.framework */ = {isa = PBXFileReference; lastKnownFileType = wrapper.framework; name = MapboxSceneKit.framework; path = Carthage/Build/iOS/MapboxSceneKit.framework; sourceTree = "<group>"; };
		CA53400021336B980066260F /* Utils.swift */ = {isa = PBXFileReference; lastKnownFileType = sourcecode.swift; path = Utils.swift; sourceTree = "<group>"; };
/* End PBXFileReference section */

/* Begin PBXFrameworksBuildPhase section */
		CA533FD8213367AE0066260F /* Frameworks */ = {
			isa = PBXFrameworksBuildPhase;
			buildActionMask = 2147483647;
			files = (
				CA533FF8213369310066260F /* Mapbox.framework in Frameworks */,
				CA533FFA213369340066260F /* MapboxMobileEvents.framework in Frameworks */,
				CA533FFE213369D30066260F /* MapboxSceneKit.framework in Frameworks */,
			);
			runOnlyForDeploymentPostprocessing = 0;
		};
/* End PBXFrameworksBuildPhase section */

/* Begin PBXGroup section */
		CA533FD2213367AE0066260F = {
			isa = PBXGroup;
			children = (
				CA533FDD213367AE0066260F /* World-scale AR */,
				CA533FDC213367AE0066260F /* Products */,
				CA533FF6213369310066260F /* Frameworks */,
			);
			sourceTree = "<group>";
		};
		CA533FDC213367AE0066260F /* Products */ = {
			isa = PBXGroup;
			children = (
				CA533FDB213367AE0066260F /* Worldscale.app */,
			);
			name = Products;
			sourceTree = "<group>";
		};
		CA533FDD213367AE0066260F /* World-scale AR */ = {
			isa = PBXGroup;
			children = (
				CA533FE0213367AE0066260F /* art.scnassets */,
				CA533FE7213367B00066260F /* Assets.xcassets */,
				CA533FDE213367AE0066260F /* AppDelegate.swift */,
				CA533FF2213368630066260F /* HorizonController.swift */,
				CA533FF42133690F0066260F /* UIColor+Extensions.swift */,
				CA53400021336B980066260F /* Utils.swift */,
				CA533FE9213367B00066260F /* LaunchScreen.storyboard */,
				CA533FEC213367B00066260F /* Info.plist */,
			);
			path = "World-scale AR";
			sourceTree = "<group>";
		};
		CA533FF6213369310066260F /* Frameworks */ = {
			isa = PBXGroup;
			children = (
				CA533FFD213369D30066260F /* MapboxSceneKit.framework */,
				CA533FFB2133693A0066260F /* SwiftTweaks.framework */,
				CA533FF9213369340066260F /* MapboxMobileEvents.framework */,
				CA533FF7213369310066260F /* Mapbox.framework */,
			);
			name = Frameworks;
			sourceTree = "<group>";
		};
/* End PBXGroup section */

/* Begin PBXNativeTarget section */
		CA533FDA213367AE0066260F /* Worldscale */ = {
			isa = PBXNativeTarget;
			buildConfigurationList = CA533FEF213367B00066260F /* Build configuration list for PBXNativeTarget "Worldscale" */;
			buildPhases = (
				CA533FD7213367AE0066260F /* Sources */,
				CA533FD8213367AE0066260F /* Frameworks */,
				CA533FD9213367AE0066260F /* Resources */,
				CA533FFF213369DC0066260F /* ShellScript */,
			);
			buildRules = (
			);
			dependencies = (
			);
			name = Worldscale;
			productName = "World-scale AR";
			productReference = CA533FDB213367AE0066260F /* Worldscale.app */;
			productType = "com.apple.product-type.application";
		};
/* End PBXNativeTarget section */

/* Begin PBXProject section */
		CA533FD3213367AE0066260F /* Project object */ = {
			isa = PBXProject;
			attributes = {
				LastSwiftUpdateCheck = 1000;
				LastUpgradeCheck = 1000;
				ORGANIZATIONNAME = Mapbox;
				TargetAttributes = {
					CA533FDA213367AE0066260F = {
						CreatedOnToolsVersion = 10.0;
					};
				};
			};
			buildConfigurationList = CA533FD6213367AE0066260F /* Build configuration list for PBXProject "Worldscale" */;
			compatibilityVersion = "Xcode 9.3";
			developmentRegion = en;
			hasScannedForEncodings = 0;
			knownRegions = (
				en,
				Base,
			);
			mainGroup = CA533FD2213367AE0066260F;
			productRefGroup = CA533FDC213367AE0066260F /* Products */;
			projectDirPath = "";
			projectRoot = "";
			targets = (
				CA533FDA213367AE0066260F /* Worldscale */,
			);
		};
/* End PBXProject section */

/* Begin PBXResourcesBuildPhase section */
		CA533FD9213367AE0066260F /* Resources */ = {
			isa = PBXResourcesBuildPhase;
			buildActionMask = 2147483647;
			files = (
				CA533FE1213367AE0066260F /* art.scnassets in Resources */,
				CA533FEB213367B00066260F /* LaunchScreen.storyboard in Resources */,
				CA533FE8213367B00066260F /* Assets.xcassets in Resources */,
			);
			runOnlyForDeploymentPostprocessing = 0;
		};
/* End PBXResourcesBuildPhase section */

/* Begin PBXShellScriptBuildPhase section */
		CA533FFF213369DC0066260F /* ShellScript */ = {
			isa = PBXShellScriptBuildPhase;
			buildActionMask = 2147483647;
			files = (
			);
			inputFileListPaths = (
			);
			inputPaths = (
				"$(SRCROOT)/Carthage/Build/iOS/Mapbox.framework",
				"$(SRCROOT)/Carthage/Build/iOS/MapboxMobileEvents.framework",
				"$(SRCROOT)/Carthage/Build/iOS/MapboxSceneKit.framework",
			);
			outputFileListPaths = (
			);
			outputPaths = (
			);
			runOnlyForDeploymentPostprocessing = 0;
			shellPath = /bin/sh;
			shellScript = "/usr/local/bin/carthage copy-frameworks\n";
		};
/* End PBXShellScriptBuildPhase section */

/* Begin PBXSourcesBuildPhase section */
		CA533FD7213367AE0066260F /* Sources */ = {
			isa = PBXSourcesBuildPhase;
			buildActionMask = 2147483647;
			files = (
				CA533FF3213368630066260F /* HorizonController.swift in Sources */,
				CA533FF52133690F0066260F /* UIColor+Extensions.swift in Sources */,
				CA533FDF213367AE0066260F /* AppDelegate.swift in Sources */,
				CA53400121336B980066260F /* Utils.swift in Sources */,
			);
			runOnlyForDeploymentPostprocessing = 0;
		};
/* End PBXSourcesBuildPhase section */

/* Begin PBXVariantGroup section */
		CA533FE9213367B00066260F /* LaunchScreen.storyboard */ = {
			isa = PBXVariantGroup;
			children = (
				CA533FEA213367B00066260F /* Base */,
			);
			name = LaunchScreen.storyboard;
			sourceTree = "<group>";
		};
/* End PBXVariantGroup section */

/* Begin XCBuildConfiguration section */
		CA533FED213367B00066260F /* Debug */ = {
			isa = XCBuildConfiguration;
			buildSettings = {
				ALWAYS_SEARCH_USER_PATHS = NO;
				CLANG_ANALYZER_NONNULL = YES;
				CLANG_ANALYZER_NUMBER_OBJECT_CONVERSION = YES_AGGRESSIVE;
				CLANG_CXX_LANGUAGE_STANDARD = "gnu++14";
				CLANG_CXX_LIBRARY = "libc++";
				CLANG_ENABLE_MODULES = YES;
				CLANG_ENABLE_OBJC_ARC = YES;
				CLANG_ENABLE_OBJC_WEAK = YES;
				CLANG_WARN_BLOCK_CAPTURE_AUTORELEASING = YES;
				CLANG_WARN_BOOL_CONVERSION = YES;
				CLANG_WARN_COMMA = YES;
				CLANG_WARN_CONSTANT_CONVERSION = YES;
				CLANG_WARN_DEPRECATED_OBJC_IMPLEMENTATIONS = YES;
				CLANG_WARN_DIRECT_OBJC_ISA_USAGE = YES_ERROR;
				CLANG_WARN_DOCUMENTATION_COMMENTS = YES;
				CLANG_WARN_EMPTY_BODY = YES;
				CLANG_WARN_ENUM_CONVERSION = YES;
				CLANG_WARN_INFINITE_RECURSION = YES;
				CLANG_WARN_INT_CONVERSION = YES;
				CLANG_WARN_NON_LITERAL_NULL_CONVERSION = YES;
				CLANG_WARN_OBJC_IMPLICIT_RETAIN_SELF = YES;
				CLANG_WARN_OBJC_LITERAL_CONVERSION = YES;
				CLANG_WARN_OBJC_ROOT_CLASS = YES_ERROR;
				CLANG_WARN_RANGE_LOOP_ANALYSIS = YES;
				CLANG_WARN_STRICT_PROTOTYPES = YES;
				CLANG_WARN_SUSPICIOUS_MOVE = YES;
				CLANG_WARN_UNGUARDED_AVAILABILITY = YES_AGGRESSIVE;
				CLANG_WARN_UNREACHABLE_CODE = YES;
				CLANG_WARN__DUPLICATE_METHOD_MATCH = YES;
				CODE_SIGN_IDENTITY = "iPhone Developer";
				COPY_PHASE_STRIP = NO;
				DEBUG_INFORMATION_FORMAT = dwarf;
				ENABLE_STRICT_OBJC_MSGSEND = YES;
				ENABLE_TESTABILITY = YES;
				GCC_C_LANGUAGE_STANDARD = gnu11;
				GCC_DYNAMIC_NO_PIC = NO;
				GCC_NO_COMMON_BLOCKS = YES;
				GCC_OPTIMIZATION_LEVEL = 0;
				GCC_PREPROCESSOR_DEFINITIONS = (
					"DEBUG=1",
					"$(inherited)",
				);
				GCC_WARN_64_TO_32_BIT_CONVERSION = YES;
				GCC_WARN_ABOUT_RETURN_TYPE = YES_ERROR;
				GCC_WARN_UNDECLARED_SELECTOR = YES;
				GCC_WARN_UNINITIALIZED_AUTOS = YES_AGGRESSIVE;
				GCC_WARN_UNUSED_FUNCTION = YES;
				GCC_WARN_UNUSED_VARIABLE = YES;
				IPHONEOS_DEPLOYMENT_TARGET = 12.0;
				MTL_ENABLE_DEBUG_INFO = INCLUDE_SOURCE;
				MTL_FAST_MATH = YES;
				ONLY_ACTIVE_ARCH = YES;
				SDKROOT = iphoneos;
				SWIFT_ACTIVE_COMPILATION_CONDITIONS = DEBUG;
				SWIFT_OPTIMIZATION_LEVEL = "-Onone";
			};
			name = Debug;
		};
		CA533FEE213367B00066260F /* Release */ = {
			isa = XCBuildConfiguration;
			buildSettings = {
				ALWAYS_SEARCH_USER_PATHS = NO;
				CLANG_ANALYZER_NONNULL = YES;
				CLANG_ANALYZER_NUMBER_OBJECT_CONVERSION = YES_AGGRESSIVE;
				CLANG_CXX_LANGUAGE_STANDARD = "gnu++14";
				CLANG_CXX_LIBRARY = "libc++";
				CLANG_ENABLE_MODULES = YES;
				CLANG_ENABLE_OBJC_ARC = YES;
				CLANG_ENABLE_OBJC_WEAK = YES;
				CLANG_WARN_BLOCK_CAPTURE_AUTORELEASING = YES;
				CLANG_WARN_BOOL_CONVERSION = YES;
				CLANG_WARN_COMMA = YES;
				CLANG_WARN_CONSTANT_CONVERSION = YES;
				CLANG_WARN_DEPRECATED_OBJC_IMPLEMENTATIONS = YES;
				CLANG_WARN_DIRECT_OBJC_ISA_USAGE = YES_ERROR;
				CLANG_WARN_DOCUMENTATION_COMMENTS = YES;
				CLANG_WARN_EMPTY_BODY = YES;
				CLANG_WARN_ENUM_CONVERSION = YES;
				CLANG_WARN_INFINITE_RECURSION = YES;
				CLANG_WARN_INT_CONVERSION = YES;
				CLANG_WARN_NON_LITERAL_NULL_CONVERSION = YES;
				CLANG_WARN_OBJC_IMPLICIT_RETAIN_SELF = YES;
				CLANG_WARN_OBJC_LITERAL_CONVERSION = YES;
				CLANG_WARN_OBJC_ROOT_CLASS = YES_ERROR;
				CLANG_WARN_RANGE_LOOP_ANALYSIS = YES;
				CLANG_WARN_STRICT_PROTOTYPES = YES;
				CLANG_WARN_SUSPICIOUS_MOVE = YES;
				CLANG_WARN_UNGUARDED_AVAILABILITY = YES_AGGRESSIVE;
				CLANG_WARN_UNREACHABLE_CODE = YES;
				CLANG_WARN__DUPLICATE_METHOD_MATCH = YES;
				CODE_SIGN_IDENTITY = "iPhone Developer";
				COPY_PHASE_STRIP = NO;
				DEBUG_INFORMATION_FORMAT = "dwarf-with-dsym";
				ENABLE_NS_ASSERTIONS = NO;
				ENABLE_STRICT_OBJC_MSGSEND = YES;
				GCC_C_LANGUAGE_STANDARD = gnu11;
				GCC_NO_COMMON_BLOCKS = YES;
				GCC_WARN_64_TO_32_BIT_CONVERSION = YES;
				GCC_WARN_ABOUT_RETURN_TYPE = YES_ERROR;
				GCC_WARN_UNDECLARED_SELECTOR = YES;
				GCC_WARN_UNINITIALIZED_AUTOS = YES_AGGRESSIVE;
				GCC_WARN_UNUSED_FUNCTION = YES;
				GCC_WARN_UNUSED_VARIABLE = YES;
				IPHONEOS_DEPLOYMENT_TARGET = 12.0;
				MTL_ENABLE_DEBUG_INFO = NO;
				MTL_FAST_MATH = YES;
				SDKROOT = iphoneos;
				SWIFT_COMPILATION_MODE = wholemodule;
				SWIFT_OPTIMIZATION_LEVEL = "-O";
				VALIDATE_PRODUCT = YES;
			};
			name = Release;
		};
		CA533FF0213367B00066260F /* Debug */ = {
			isa = XCBuildConfiguration;
			buildSettings = {
				ASSETCATALOG_COMPILER_APPICON_NAME = AppIcon;
				CODE_SIGN_STYLE = Automatic;
				DEVELOPMENT_TEAM = GJZR2MEM28;
				FRAMEWORK_SEARCH_PATHS = (
					"$(inherited)",
					"$(PROJECT_DIR)/Carthage/Build/iOS",
				);
				INFOPLIST_FILE = "World-scale AR/Info.plist";
				IPHONEOS_DEPLOYMENT_TARGET = 11.4;
				LD_RUNPATH_SEARCH_PATHS = (
					"$(inherited)",
					"@executable_path/Frameworks",
				);
				PRODUCT_BUNDLE_IDENTIFIER = morgane.worldscale;
				PRODUCT_NAME = "$(TARGET_NAME)";
				SWIFT_VERSION = 4.2;
				TARGETED_DEVICE_FAMILY = "1,2";
			};
			name = Debug;
		};
		CA533FF1213367B00066260F /* Release */ = {
			isa = XCBuildConfiguration;
			buildSettings = {
				ASSETCATALOG_COMPILER_APPICON_NAME = AppIcon;
				CODE_SIGN_STYLE = Automatic;
				DEVELOPMENT_TEAM = GJZR2MEM28;
				FRAMEWORK_SEARCH_PATHS = (
					"$(inherited)",
					"$(PROJECT_DIR)/Carthage/Build/iOS",
				);
				INFOPLIST_FILE = "World-scale AR/Info.plist";
				IPHONEOS_DEPLOYMENT_TARGET = 11.4;
				LD_RUNPATH_SEARCH_PATHS = (
					"$(inherited)",
					"@executable_path/Frameworks",
				);
				PRODUCT_BUNDLE_IDENTIFIER = morgane.worldscale;
				PRODUCT_NAME = "$(TARGET_NAME)";
				SWIFT_VERSION = 4.2;
				TARGETED_DEVICE_FAMILY = "1,2";
			};
			name = Release;
		};
/* End XCBuildConfiguration section */

/* Begin XCConfigurationList section */
		CA533FD6213367AE0066260F /* Build configuration list for PBXProject "Worldscale" */ = {
			isa = XCConfigurationList;
			buildConfigurations = (
				CA533FED213367B00066260F /* Debug */,
				CA533FEE213367B00066260F /* Release */,
			);
			defaultConfigurationIsVisible = 0;
			defaultConfigurationName = Release;
		};
		CA533FEF213367B00066260F /* Build configuration list for PBXNativeTarget "Worldscale" */ = {
			isa = XCConfigurationList;
			buildConfigurations = (
				CA533FF0213367B00066260F /* Debug */,
				CA533FF1213367B00066260F /* Release */,
			);
			defaultConfigurationIsVisible = 0;
			defaultConfigurationName = Release;
		};
/* End XCConfigurationList section */
	};
	rootObject = CA533FD3213367AE0066260F /* Project object */;
}
